
Microsoft Visual Studio Solution File, Format Version 12.00
Project("{FAE04EC0-301F-11D3-BF4B-00C04F79EFBC}") = "EfCore.BulkOperations", "./EfCore.BulkOperations/EfCore.BulkOperations.csproj", "{106E1C97-B7A7-45B2-BA94-315F9602D0C5}"
EndProject
Project("{FAE04EC0-301F-11D3-BF4B-00C04F79EFBC}") = "EfCore.BulkOperations.Test", "EfCore.BulkOperations.Test\EfCore.BulkOperations.Test.csproj", "{D2B4BB6A-44B1-42B5-B46F-550BABA90F7F}"
EndProject
Project("{FAE04EC0-301F-11D3-BF4B-00C04F79EFBC}") = "EfCore.BulkOperations.API", "EfCore.BulkOperations.API\EfCore.BulkOperations.API.csproj", "{FD0A6227-5816-40D3-BF15-5789FE0EE3EC}"
EndProject
Global
	GlobalSection(SolutionConfigurationPlatforms) = preSolution
		Debug|Any CPU = Debug|Any CPU
		Release|Any CPU = Release|Any CPU
	EndGlobalSection
	GlobalSection(ProjectConfigurationPlatforms) = postSolution
		{106E1C97-B7A7-45B2-BA94-315F9602D0C5}.Debug|Any CPU.ActiveCfg = Debug|Any CPU
		{106E1C97-B7A7-45B2-BA94-315F9602D0C5}.Debug|Any CPU.Build.0 = Debug|Any CPU
		{106E1C97-B7A7-45B2-BA94-315F9602D0C5}.Release|Any CPU.ActiveCfg = Release|Any CPU
		{106E1C97-B7A7-45B2-BA94-315F9602D0C5}.Release|Any CPU.Build.0 = Release|Any CPU
		{D2B4BB6A-44B1-42B5-B46F-550BABA90F7F}.Debug|Any CPU.ActiveCfg = Debug|Any CPU
		{D2B4BB6A-44B1-42B5-B46F-550BABA90F7F}.Debug|Any CPU.Build.0 = Debug|Any CPU
		{D2B4BB6A-44B1-42B5-B46F-550BABA90F7F}.Release|Any CPU.ActiveCfg = Release|Any CPU
		{D2B4BB6A-44B1-42B5-B46F-550BABA90F7F}.Release|Any CPU.Build.0 = Release|Any CPU
		{FD0A6227-5816-40D3-BF15-5789FE0EE3EC}.Debug|Any CPU.ActiveCfg = Debug|Any CPU
		{FD0A6227-5816-40D3-BF15-5789FE0EE3EC}.Debug|Any CPU.Build.0 = Debug|Any CPU
		{FD0A6227-5816-40D3-BF15-5789FE0EE3EC}.Release|Any CPU.ActiveCfg = Release|Any CPU
		{FD0A6227-5816-40D3-BF15-5789FE0EE3EC}.Release|Any CPU.Build.0 = Release|Any CPU
	EndGlobalSection
EndGlobal
